// !$*UTF8*$!
{
	archiveVersion = 1;
	classes = {
	};
	objectVersion = 56;
	objects = {

/* Begin PBXBuildFile section */
		F335C69D29DAA678006C13FA /* AppDelegate.swift in Sources */ = {isa = PBXBuildFile; fileRef = F335C69C29DAA678006C13FA /* AppDelegate.swift */; };
		F335C69F29DAA678006C13FA /* SceneDelegate.swift in Sources */ = {isa = PBXBuildFile; fileRef = F335C69E29DAA678006C13FA /* SceneDelegate.swift */; };
		F335C6A129DAA678006C13FA /* ViewController.swift in Sources */ = {isa = PBXBuildFile; fileRef = F335C6A029DAA678006C13FA /* ViewController.swift */; };
		F335C6A429DAA678006C13FA /* Main.storyboard in Resources */ = {isa = PBXBuildFile; fileRef = F335C6A229DAA678006C13FA /* Main.storyboard */; };
		F335C6A629DAA679006C13FA /* Assets.xcassets in Resources */ = {isa = PBXBuildFile; fileRef = F335C6A529DAA679006C13FA /* Assets.xcassets */; };
		F335C6A929DAA679006C13FA /* LaunchScreen.storyboard in Resources */ = {isa = PBXBuildFile; fileRef = F335C6A729DAA679006C13FA /* LaunchScreen.storyboard */; };
		F335C6B429DAA679006C13FA /* VibeWorldTests.swift in Sources */ = {isa = PBXBuildFile; fileRef = F335C6B329DAA679006C13FA /* VibeWorldTests.swift */; };
		F335C6BE29DAA679006C13FA /* VibeWorldUITests.swift in Sources */ = {isa = PBXBuildFile; fileRef = F335C6BD29DAA679006C13FA /* VibeWorldUITests.swift */; };
		F335C6C029DAA679006C13FA /* VibeWorldUITestsLaunchTests.swift in Sources */ = {isa = PBXBuildFile; fileRef = F335C6BF29DAA679006C13FA /* VibeWorldUITestsLaunchTests.swift */; };
/* End PBXBuildFile section */

/* Begin PBXContainerItemProxy section */
		F335C6B029DAA679006C13FA /* PBXContainerItemProxy */ = {
			isa = PBXContainerItemProxy;
			containerPortal = F335C69129DAA677006C13FA /* Project object */;
			proxyType = 1;
			remoteGlobalIDString = F335C69829DAA678006C13FA;
			remoteInfo = VibeWorld;
		};
		F335C6BA29DAA679006C13FA /* PBXContainerItemProxy */ = {
			isa = PBXContainerItemProxy;
			containerPortal = F335C69129DAA677006C13FA /* Project object */;
			proxyType = 1;
			remoteGlobalIDString = F335C69829DAA678006C13FA;
			remoteInfo = VibeWorld;
		};
/* End PBXContainerItemProxy section */

/* Begin PBXFileReference section */
		F335C69929DAA678006C13FA /* VibeWorld.app */ = {isa = PBXFileReference; explicitFileType = wrapper.application; includeInIndex = 0; path = VibeWorld.app; sourceTree = BUILT_PRODUCTS_DIR; };
		F335C69C29DAA678006C13FA /* AppDelegate.swift */ = {isa = PBXFileReference; lastKnownFileType = sourcecode.swift; path = AppDelegate.swift; sourceTree = "<group>"; };
		F335C69E29DAA678006C13FA /* SceneDelegate.swift */ = {isa = PBXFileReference; lastKnownFileType = sourcecode.swift; path = SceneDelegate.swift; sourceTree = "<group>"; };
		F335C6A029DAA678006C13FA /* ViewController.swift */ = {isa = PBXFileReference; lastKnownFileType = sourcecode.swift; path = ViewController.swift; sourceTree = "<group>"; };
		F335C6A329DAA678006C13FA /* Base */ = {isa = PBXFileReference; lastKnownFileType = file.storyboard; name = Base; path = Base.lproj/Main.storyboard; sourceTree = "<group>"; };
		F335C6A529DAA679006C13FA /* Assets.xcassets */ = {isa = PBXFileReference; lastKnownFileType = folder.assetcatalog; path = Assets.xcassets; sourceTree = "<group>"; };
		F335C6A829DAA679006C13FA /* Base */ = {isa = PBXFileReference; lastKnownFileType = file.storyboard; name = Base; path = Base.lproj/LaunchScreen.storyboard; sourceTree = "<group>"; };
		F335C6AA29DAA679006C13FA /* Info.plist */ = {isa = PBXFileReference; lastKnownFileType = text.plist.xml; path = Info.plist; sourceTree = "<group>"; };
		F335C6AF29DAA679006C13FA /* VibeWorldTests.xctest */ = {isa = PBXFileReference; explicitFileType = wrapper.cfbundle; includeInIndex = 0; path = VibeWorldTests.xctest; sourceTree = BUILT_PRODUCTS_DIR; };
		F335C6B329DAA679006C13FA /* VibeWorldTests.swift */ = {isa = PBXFileReference; lastKnownFileType = sourcecode.swift; path = VibeWorldTests.swift; sourceTree = "<group>"; };
		F335C6B929DAA679006C13FA /* VibeWorldUITests.xctest */ = {isa = PBXFileReference; explicitFileType = wrapper.cfbundle; includeInIndex = 0; path = VibeWorldUITests.xctest; sourceTree = BUILT_PRODUCTS_DIR; };
		F335C6BD29DAA679006C13FA /* VibeWorldUITests.swift */ = {isa = PBXFileReference; lastKnownFileType = sourcecode.swift; path = VibeWorldUITests.swift; sourceTree = "<group>"; };
		F335C6BF29DAA679006C13FA /* VibeWorldUITestsLaunchTests.swift */ = {isa = PBXFileReference; lastKnownFileType = sourcecode.swift; path = VibeWorldUITestsLaunchTests.swift; sourceTree = "<group>"; };
/* End PBXFileReference section */

/* Begin PBXFrameworksBuildPhase section */
		F335C69629DAA678006C13FA /* Frameworks */ = {
			isa = PBXFrameworksBuildPhase;
			buildActionMask = 2147483647;
			files = (
			);
			runOnlyForDeploymentPostprocessing = 0;
		};
		F335C6AC29DAA679006C13FA /* Frameworks */ = {
			isa = PBXFrameworksBuildPhase;
			buildActionMask = 2147483647;
			files = (
			);
			runOnlyForDeploymentPostprocessing = 0;
		};
		F335C6B629DAA679006C13FA /* Frameworks */ = {
			isa = PBXFrameworksBuildPhase;
			buildActionMask = 2147483647;
			files = (
			);
			runOnlyForDeploymentPostprocessing = 0;
		};
/* End PBXFrameworksBuildPhase section */

/* Begin PBXGroup section */
		F335C69029DAA677006C13FA = {
			isa = PBXGroup;
			children = (
				F335C69B29DAA678006C13FA /* VibeWorld */,
				F335C6B229DAA679006C13FA /* VibeWorldTests */,
				F335C6BC29DAA679006C13FA /* VibeWorldUITests */,
				F335C69A29DAA678006C13FA /* Products */,
			);
			sourceTree = "<group>";
		};
		F335C69A29DAA678006C13FA /* Products */ = {
			isa = PBXGroup;
			children = (
				F335C69929DAA678006C13FA /* VibeWorld.app */,
				F335C6AF29DAA679006C13FA /* VibeWorldTests.xctest */,
				F335C6B929DAA679006C13FA /* VibeWorldUITests.xctest */,
			);
			name = Products;
			sourceTree = "<group>";
		};
		F335C69B29DAA678006C13FA /* VibeWorld */ = {
			isa = PBXGroup;
			children = (
				F335C69C29DAA678006C13FA /* AppDelegate.swift */,
				F335C69E29DAA678006C13FA /* SceneDelegate.swift */,
				F335C6A029DAA678006C13FA /* ViewController.swift */,
				F335C6A229DAA678006C13FA /* Main.storyboard */,
				F335C6A529DAA679006C13FA /* Assets.xcassets */,
				F335C6A729DAA679006C13FA /* LaunchScreen.storyboard */,
				F335C6AA29DAA679006C13FA /* Info.plist */,
			);
			path = VibeWorld;
			sourceTree = "<group>";
		};
		F335C6B229DAA679006C13FA /* VibeWorldTests */ = {
			isa = PBXGroup;
			children = (
				F335C6B329DAA679006C13FA /* VibeWorldTests.swift */,
			);
			path = VibeWorldTests;
			sourceTree = "<group>";
		};
		F335C6BC29DAA679006C13FA /* VibeWorldUITests */ = {
			isa = PBXGroup;
			children = (
				F335C6BD29DAA679006C13FA /* VibeWorldUITests.swift */,
				F335C6BF29DAA679006C13FA /* VibeWorldUITestsLaunchTests.swift */,
			);
			path = VibeWorldUITests;
			sourceTree = "<group>";
		};
/* End PBXGroup section */

/* Begin PBXNativeTarget section */
		F335C69829DAA678006C13FA /* VibeWorld */ = {
			isa = PBXNativeTarget;
			buildConfigurationList = F335C6C329DAA679006C13FA /* Build configuration list for PBXNativeTarget "VibeWorld" */;
			buildPhases = (
				F335C69529DAA678006C13FA /* Sources */,
				F335C69629DAA678006C13FA /* Frameworks */,
				F335C69729DAA678006C13FA /* Resources */,
			);
			buildRules = (
			);
			dependencies = (
			);
			name = VibeWorld;
			productName = VibeWorld;
			productReference = F335C69929DAA678006C13FA /* VibeWorld.app */;
			productType = "com.apple.product-type.application";
		};
		F335C6AE29DAA679006C13FA /* VibeWorldTests */ = {
			isa = PBXNativeTarget;
			buildConfigurationList = F335C6C629DAA679006C13FA /* Build configuration list for PBXNativeTarget "VibeWorldTests" */;
			buildPhases = (
				F335C6AB29DAA679006C13FA /* Sources */,
				F335C6AC29DAA679006C13FA /* Frameworks */,
				F335C6AD29DAA679006C13FA /* Resources */,
			);
			buildRules = (
			);
			dependencies = (
				F335C6B129DAA679006C13FA /* PBXTargetDependency */,
			);
			name = VibeWorldTests;
			productName = VibeWorldTests;
			productReference = F335C6AF29DAA679006C13FA /* VibeWorldTests.xctest */;
			productType = "com.apple.product-type.bundle.unit-test";
		};
		F335C6B829DAA679006C13FA /* VibeWorldUITests */ = {
			isa = PBXNativeTarget;
			buildConfigurationList = F335C6C929DAA679006C13FA /* Build configuration list for PBXNativeTarget "VibeWorldUITests" */;
			buildPhases = (
				F335C6B529DAA679006C13FA /* Sources */,
				F335C6B629DAA679006C13FA /* Frameworks */,
				F335C6B729DAA679006C13FA /* Resources */,
			);
			buildRules = (
			);
			dependencies = (
				F335C6BB29DAA679006C13FA /* PBXTargetDependency */,
			);
			name = VibeWorldUITests;
			productName = VibeWorldUITests;
			productReference = F335C6B929DAA679006C13FA /* VibeWorldUITests.xctest */;
			productType = "com.apple.product-type.bundle.ui-testing";
		};
/* End PBXNativeTarget section */

/* Begin PBXProject section */
		F335C69129DAA677006C13FA /* Project object */ = {
			isa = PBXProject;
			attributes = {
				BuildIndependentTargetsInParallel = 1;
				LastSwiftUpdateCheck = 1420;
				LastUpgradeCheck = 1420;
				TargetAttributes = {
					F335C69829DAA678006C13FA = {
						CreatedOnToolsVersion = 14.2;
					};
					F335C6AE29DAA679006C13FA = {
						CreatedOnToolsVersion = 14.2;
						TestTargetID = F335C69829DAA678006C13FA;
					};
					F335C6B829DAA679006C13FA = {
						CreatedOnToolsVersion = 14.2;
						TestTargetID = F335C69829DAA678006C13FA;
					};
				};
			};
			buildConfigurationList = F335C69429DAA677006C13FA /* Build configuration list for PBXProject "VibeWorld" */;
			compatibilityVersion = "Xcode 14.0";
			developmentRegion = en;
			hasScannedForEncodings = 0;
			knownRegions = (
				en,
				Base,
			);
			mainGroup = F335C69029DAA677006C13FA;
			productRefGroup = F335C69A29DAA678006C13FA /* Products */;
			projectDirPath = "";
			projectRoot = "";
			targets = (
				F335C69829DAA678006C13FA /* VibeWorld */,
				F335C6AE29DAA679006C13FA /* VibeWorldTests */,
				F335C6B829DAA679006C13FA /* VibeWorldUITests */,
			);
		};
/* End PBXProject section */

/* Begin PBXResourcesBuildPhase section */
		F335C69729DAA678006C13FA /* Resources */ = {
			isa = PBXResourcesBuildPhase;
			buildActionMask = 2147483647;
			files = (
				F335C6A929DAA679006C13FA /* LaunchScreen.storyboard in Resources */,
				F335C6A629DAA679006C13FA /* Assets.xcassets in Resources */,
				F335C6A429DAA678006C13FA /* Main.storyboard in Resources */,
			);
			runOnlyForDeploymentPostprocessing = 0;
		};
		F335C6AD29DAA679006C13FA /* Resources */ = {
			isa = PBXResourcesBuildPhase;
			buildActionMask = 2147483647;
			files = (
			);
			runOnlyForDeploymentPostprocessing = 0;
		};
		F335C6B729DAA679006C13FA /* Resources */ = {
			isa = PBXResourcesBuildPhase;
			buildActionMask = 2147483647;
			files = (
			);
			runOnlyForDeploymentPostprocessing = 0;
		};
/* End PBXResourcesBuildPhase section */

/* Begin PBXSourcesBuildPhase section */
		F335C69529DAA678006C13FA /* Sources */ = {
			isa = PBXSourcesBuildPhase;
			buildActionMask = 2147483647;
			files = (
				F335C6A129DAA678006C13FA /* ViewController.swift in Sources */,
				F335C69D29DAA678006C13FA /* AppDelegate.swift in Sources */,
				F335C69F29DAA678006C13FA /* SceneDelegate.swift in Sources */,
			);
			runOnlyForDeploymentPostprocessing = 0;
		};
		F335C6AB29DAA679006C13FA /* Sources */ = {
			isa = PBXSourcesBuildPhase;
			buildActionMask = 2147483647;
			files = (
				F335C6B429DAA679006C13FA /* VibeWorldTests.swift in Sources */,
			);
			runOnlyForDeploymentPostprocessing = 0;
		};
		F335C6B529DAA679006C13FA /* Sources */ = {
			isa = PBXSourcesBuildPhase;
			buildActionMask = 2147483647;
			files = (
				F335C6BE29DAA679006C13FA /* VibeWorldUITests.swift in Sources */,
				F335C6C029DAA679006C13FA /* VibeWorldUITestsLaunchTests.swift in Sources */,
			);
			runOnlyForDeploymentPostprocessing = 0;
		};
/* End PBXSourcesBuildPhase section */

/* Begin PBXTargetDependency section */
		F335C6B129DAA679006C13FA /* PBXTargetDependency */ = {
			isa = PBXTargetDependency;
			target = F335C69829DAA678006C13FA /* VibeWorld */;
			targetProxy = F335C6B029DAA679006C13FA /* PBXContainerItemProxy */;
		};
		F335C6BB29DAA679006C13FA /* PBXTargetDependency */ = {
			isa = PBXTargetDependency;
			target = F335C69829DAA678006C13FA /* VibeWorld */;
			targetProxy = F335C6BA29DAA679006C13FA /* PBXContainerItemProxy */;
		};
/* End PBXTargetDependency section */

/* Begin PBXVariantGroup section */
		F335C6A229DAA678006C13FA /* Main.storyboard */ = {
			isa = PBXVariantGroup;
			children = (
				F335C6A329DAA678006C13FA /* Base */,
			);
			name = Main.storyboard;
			sourceTree = "<group>";
		};
		F335C6A729DAA679006C13FA /* LaunchScreen.storyboard */ = {
			isa = PBXVariantGroup;
			children = (
				F335C6A829DAA679006C13FA /* Base */,
			);
			name = LaunchScreen.storyboard;
			sourceTree = "<group>";
		};
/* End PBXVariantGroup section */

/* Begin XCBuildConfiguration section */
		F335C6C129DAA679006C13FA /* Debug */ = {
			isa = XCBuildConfiguration;
			buildSettings = {
				ALWAYS_SEARCH_USER_PATHS = NO;
				CLANG_ANALYZER_NONNULL = YES;
				CLANG_ANALYZER_NUMBER_OBJECT_CONVERSION = YES_AGGRESSIVE;
				CLANG_CXX_LANGUAGE_STANDARD = "gnu++20";
				CLANG_ENABLE_MODULES = YES;
				CLANG_ENABLE_OBJC_ARC = YES;
				CLANG_ENABLE_OBJC_WEAK = YES;
				CLANG_WARN_BLOCK_CAPTURE_AUTORELEASING = YES;
				CLANG_WARN_BOOL_CONVERSION = YES;
				CLANG_WARN_COMMA = YES;
				CLANG_WARN_CONSTANT_CONVERSION = YES;
				CLANG_WARN_DEPRECATED_OBJC_IMPLEMENTATIONS = YES;
				CLANG_WARN_DIRECT_OBJC_ISA_USAGE = YES_ERROR;
				CLANG_WARN_DOCUMENTATION_COMMENTS = YES;
				CLANG_WARN_EMPTY_BODY = YES;
				CLANG_WARN_ENUM_CONVERSION = YES;
				CLANG_WARN_INFINITE_RECURSION = YES;
				CLANG_WARN_INT_CONVERSION = YES;
				CLANG_WARN_NON_LITERAL_NULL_CONVERSION = YES;
				CLANG_WARN_OBJC_IMPLICIT_RETAIN_SELF = YES;
				CLANG_WARN_OBJC_LITERAL_CONVERSION = YES;
				CLANG_WARN_OBJC_ROOT_CLASS = YES_ERROR;
				CLANG_WARN_QUOTED_INCLUDE_IN_FRAMEWORK_HEADER = YES;
				CLANG_WARN_RANGE_LOOP_ANALYSIS = YES;
				CLANG_WARN_STRICT_PROTOTYPES = YES;
				CLANG_WARN_SUSPICIOUS_MOVE = YES;
				CLANG_WARN_UNGUARDED_AVAILABILITY = YES_AGGRESSIVE;
				CLANG_WARN_UNREACHABLE_CODE = YES;
				CLANG_WARN__DUPLICATE_METHOD_MATCH = YES;
				COPY_PHASE_STRIP = NO;
				DEBUG_INFORMATION_FORMAT = dwarf;
				ENABLE_STRICT_OBJC_MSGSEND = YES;
				ENABLE_TESTABILITY = YES;
				GCC_C_LANGUAGE_STANDARD = gnu11;
				GCC_DYNAMIC_NO_PIC = NO;
				GCC_NO_COMMON_BLOCKS = YES;
				GCC_OPTIMIZATION_LEVEL = 0;
				GCC_PREPROCESSOR_DEFINITIONS = (
					"DEBUG=1",
					"$(inherited)",
				);
				GCC_WARN_64_TO_32_BIT_CONVERSION = YES;
				GCC_WARN_ABOUT_RETURN_TYPE = YES_ERROR;
				GCC_WARN_UNDECLARED_SELECTOR = YES;
				GCC_WARN_UNINITIALIZED_AUTOS = YES_AGGRESSIVE;
				GCC_WARN_UNUSED_FUNCTION = YES;
				GCC_WARN_UNUSED_VARIABLE = YES;
				IPHONEOS_DEPLOYMENT_TARGET = 16.2;
				MTL_ENABLE_DEBUG_INFO = INCLUDE_SOURCE;
				MTL_FAST_MATH = YES;
				ONLY_ACTIVE_ARCH = YES;
				SDKROOT = iphoneos;
				SWIFT_ACTIVE_COMPILATION_CONDITIONS = DEBUG;
				SWIFT_OPTIMIZATION_LEVEL = "-Onone";
			};
			name = Debug;
		};
		F335C6C229DAA679006C13FA /* Release */ = {
			isa = XCBuildConfiguration;
			buildSettings = {
				ALWAYS_SEARCH_USER_PATHS = NO;
				CLANG_ANALYZER_NONNULL = YES;
				CLANG_ANALYZER_NUMBER_OBJECT_CONVERSION = YES_AGGRESSIVE;
				CLANG_CXX_LANGUAGE_STANDARD = "gnu++20";
				CLANG_ENABLE_MODULES = YES;
				CLANG_ENABLE_OBJC_ARC = YES;
				CLANG_ENABLE_OBJC_WEAK = YES;
				CLANG_WARN_BLOCK_CAPTURE_AUTORELEASING = YES;
				CLANG_WARN_BOOL_CONVERSION = YES;
				CLANG_WARN_COMMA = YES;
				CLANG_WARN_CONSTANT_CONVERSION = YES;
				CLANG_WARN_DEPRECATED_OBJC_IMPLEMENTATIONS = YES;
				CLANG_WARN_DIRECT_OBJC_ISA_USAGE = YES_ERROR;
				CLANG_WARN_DOCUMENTATION_COMMENTS = YES;
				CLANG_WARN_EMPTY_BODY = YES;
				CLANG_WARN_ENUM_CONVERSION = YES;
				CLANG_WARN_INFINITE_RECURSION = YES;
				CLANG_WARN_INT_CONVERSION = YES;
				CLANG_WARN_NON_LITERAL_NULL_CONVERSION = YES;
				CLANG_WARN_OBJC_IMPLICIT_RETAIN_SELF = YES;
				CLANG_WARN_OBJC_LITERAL_CONVERSION = YES;
				CLANG_WARN_OBJC_ROOT_CLASS = YES_ERROR;
				CLANG_WARN_QUOTED_INCLUDE_IN_FRAMEWORK_HEADER = YES;
				CLANG_WARN_RANGE_LOOP_ANALYSIS = YES;
				CLANG_WARN_STRICT_PROTOTYPES = YES;
				CLANG_WARN_SUSPICIOUS_MOVE = YES;
				CLANG_WARN_UNGUARDED_AVAILABILITY = YES_AGGRESSIVE;
				CLANG_WARN_UNREACHABLE_CODE = YES;
				CLANG_WARN__DUPLICATE_METHOD_MATCH = YES;
				COPY_PHASE_STRIP = NO;
				DEBUG_INFORMATION_FORMAT = "dwarf-with-dsym";
				ENABLE_NS_ASSERTIONS = NO;
				ENABLE_STRICT_OBJC_MSGSEND = YES;
				GCC_C_LANGUAGE_STANDARD = gnu11;
				GCC_NO_COMMON_BLOCKS = YES;
				GCC_WARN_64_TO_32_BIT_CONVERSION = YES;
				GCC_WARN_ABOUT_RETURN_TYPE = YES_ERROR;
				GCC_WARN_UNDECLARED_SELECTOR = YES;
				GCC_WARN_UNINITIALIZED_AUTOS = YES_AGGRESSIVE;
				GCC_WARN_UNUSED_FUNCTION = YES;
				GCC_WARN_UNUSED_VARIABLE = YES;
				IPHONEOS_DEPLOYMENT_TARGET = 16.2;
				MTL_ENABLE_DEBUG_INFO = NO;
				MTL_FAST_MATH = YES;
				SDKROOT = iphoneos;
				SWIFT_COMPILATION_MODE = wholemodule;
				SWIFT_OPTIMIZATION_LEVEL = "-O";
				VALIDATE_PRODUCT = YES;
			};
			name = Release;
		};
		F335C6C429DAA679006C13FA /* Debug */ = {
			isa = XCBuildConfiguration;
			buildSettings = {
				ASSETCATALOG_COMPILER_APPICON_NAME = AppIcon;
				ASSETCATALOG_COMPILER_GLOBAL_ACCENT_COLOR_NAME = AccentColor;
				CODE_SIGN_STYLE = Automatic;
				CURRENT_PROJECT_VERSION = 1;
				DEVELOPMENT_TEAM = S96DP7MBAB;
				GENERATE_INFOPLIST_FILE = YES;
				INFOPLIST_FILE = VibeWorld/Info.plist;
				INFOPLIST_KEY_UIApplicationSupportsIndirectInputEvents = YES;
				INFOPLIST_KEY_UILaunchStoryboardName = LaunchScreen;
				INFOPLIST_KEY_UIMainStoryboardFile = Main;
				INFOPLIST_KEY_UISupportedInterfaceOrientations_iPad = "UIInterfaceOrientationPortrait UIInterfaceOrientationPortraitUpsideDown UIInterfaceOrientationLandscapeLeft UIInterfaceOrientationLandscapeRight";
				INFOPLIST_KEY_UISupportedInterfaceOrientations_iPhone = "UIInterfaceOrientationPortrait UIInterfaceOrientationLandscapeLeft UIInterfaceOrientationLandscapeRight";
				LD_RUNPATH_SEARCH_PATHS = (
					"$(inherited)",
					"@executable_path/Frameworks",
				);
				MARKETING_VERSION = 1.0;
				PRODUCT_BUNDLE_IDENTIFIER = com.test..VibeWorld;
				PRODUCT_NAME = "$(TARGET_NAME)";
				SWIFT_EMIT_LOC_STRINGS = YES;
				SWIFT_VERSION = 5.0;
				TARGETED_DEVICE_FAMILY = "1,2";
			};
			name = Debug;
		};
		F335C6C529DAA679006C13FA /* Release */ = {
			isa = XCBuildConfiguration;
			buildSettings = {
				ASSETCATALOG_COMPILER_APPICON_NAME = AppIcon;
				ASSETCATALOG_COMPILER_GLOBAL_ACCENT_COLOR_NAME = AccentColor;
				CODE_SIGN_STYLE = Automatic;
				CURRENT_PROJECT_VERSION = 1;
				DEVELOPMENT_TEAM = S96DP7MBAB;
				GENERATE_INFOPLIST_FILE = YES;
				INFOPLIST_FILE = VibeWorld/Info.plist;
				INFOPLIST_KEY_UIApplicationSupportsIndirectInputEvents = YES;
				INFOPLIST_KEY_UILaunchStoryboardName = LaunchScreen;
				INFOPLIST_KEY_UIMainStoryboardFile = Main;
				INFOPLIST_KEY_UISupportedInterfaceOrientations_iPad = "UIInterfaceOrientationPortrait UIInterfaceOrientationPortraitUpsideDown UIInterfaceOrientationLandscapeLeft UIInterfaceOrientationLandscapeRight";
				INFOPLIST_KEY_UISupportedInterfaceOrientations_iPhone = "UIInterfaceOrientationPortrait UIInterfaceOrientationLandscapeLeft UIInterfaceOrientationLandscapeRight";
				LD_RUNPATH_SEARCH_PATHS = (
					"$(inherited)",
					"@executable_path/Frameworks",
				);
				MARKETING_VERSION = 1.0;
				PRODUCT_BUNDLE_IDENTIFIER = com.test..VibeWorld;
				PRODUCT_NAME = "$(TARGET_NAME)";
				SWIFT_EMIT_LOC_STRINGS = YES;
				SWIFT_VERSION = 5.0;
				TARGETED_DEVICE_FAMILY = "1,2";
			};
			name = Release;
		};
		F335C6C729DAA679006C13FA /* Debug */ = {
			isa = XCBuildConfiguration;
			buildSettings = {
				ALWAYS_EMBED_SWIFT_STANDARD_LIBRARIES = YES;
				BUNDLE_LOADER = "$(TEST_HOST)";
				CODE_SIGN_STYLE = Automatic;
				CURRENT_PROJECT_VERSION = 1;
				DEVELOPMENT_TEAM = S96DP7MBAB;
				GENERATE_INFOPLIST_FILE = YES;
				IPHONEOS_DEPLOYMENT_TARGET = 16.2;
				MARKETING_VERSION = 1.0;
				PRODUCT_BUNDLE_IDENTIFIER = com.test..VibeWorldTests;
				PRODUCT_NAME = "$(TARGET_NAME)";
				SWIFT_EMIT_LOC_STRINGS = NO;
				SWIFT_VERSION = 5.0;
				TARGETED_DEVICE_FAMILY = "1,2";
				TEST_HOST = "$(BUILT_PRODUCTS_DIR)/VibeWorld.app/$(BUNDLE_EXECUTABLE_FOLDER_PATH)/VibeWorld";
			};
			name = Debug;
		};
		F335C6C829DAA679006C13FA /* Release */ = {
			isa = XCBuildConfiguration;
			buildSettings = {
				ALWAYS_EMBED_SWIFT_STANDARD_LIBRARIES = YES;
				BUNDLE_LOADER = "$(TEST_HOST)";
				CODE_SIGN_STYLE = Automatic;
				CURRENT_PROJECT_VERSION = 1;
				DEVELOPMENT_TEAM = S96DP7MBAB;
				GENERATE_INFOPLIST_FILE = YES;
				IPHONEOS_DEPLOYMENT_TARGET = 16.2;
				MARKETING_VERSION = 1.0;
				PRODUCT_BUNDLE_IDENTIFIER = com.test..VibeWorldTests;
				PRODUCT_NAME = "$(TARGET_NAME)";
				SWIFT_EMIT_LOC_STRINGS = NO;
				SWIFT_VERSION = 5.0;
				TARGETED_DEVICE_FAMILY = "1,2";
				TEST_HOST = "$(BUILT_PRODUCTS_DIR)/VibeWorld.app/$(BUNDLE_EXECUTABLE_FOLDER_PATH)/VibeWorld";
			};
			name = Release;
		};
		F335C6CA29DAA679006C13FA /* Debug */ = {
			isa = XCBuildConfiguration;
			buildSettings = {
				ALWAYS_EMBED_SWIFT_STANDARD_LIBRARIES = YES;
				CODE_SIGN_STYLE = Automatic;
				CURRENT_PROJECT_VERSION = 1;
				DEVELOPMENT_TEAM = S96DP7MBAB;
				GENERATE_INFOPLIST_FILE = YES;
				MARKETING_VERSION = 1.0;
				PRODUCT_BUNDLE_IDENTIFIER = com.test..VibeWorldUITests;
				PRODUCT_NAME = "$(TARGET_NAME)";
				SWIFT_EMIT_LOC_STRINGS = NO;
				SWIFT_VERSION = 5.0;
				TARGETED_DEVICE_FAMILY = "1,2";
				TEST_TARGET_NAME = VibeWorld;
			};
			name = Debug;
		};
		F335C6CB29DAA679006C13FA /* Release */ = {
			isa = XCBuildConfiguration;
			buildSettings = {
				ALWAYS_EMBED_SWIFT_STANDARD_LIBRARIES = YES;
				CODE_SIGN_STYLE = Automatic;
				CURRENT_PROJECT_VERSION = 1;
				DEVELOPMENT_TEAM = S96DP7MBAB;
				GENERATE_INFOPLIST_FILE = YES;
				MARKETING_VERSION = 1.0;
				PRODUCT_BUNDLE_IDENTIFIER = com.test..VibeWorldUITests;
				PRODUCT_NAME = "$(TARGET_NAME)";
				SWIFT_EMIT_LOC_STRINGS = NO;
				SWIFT_VERSION = 5.0;
				TARGETED_DEVICE_FAMILY = "1,2";
				TEST_TARGET_NAME = VibeWorld;
			};
			name = Release;
		};
/* End XCBuildConfiguration section */

/* Begin XCConfigurationList section */
		F335C69429DAA677006C13FA /* Build configuration list for PBXProject "VibeWorld" */ = {
			isa = XCConfigurationList;
			buildConfigurations = (
				F335C6C129DAA679006C13FA /* Debug */,
				F335C6C229DAA679006C13FA /* Release */,
			);
			defaultConfigurationIsVisible = 0;
			defaultConfigurationName = Release;
		};
		F335C6C329DAA679006C13FA /* Build configuration list for PBXNativeTarget "VibeWorld" */ = {
			isa = XCConfigurationList;
			buildConfigurations = (
				F335C6C429DAA679006C13FA /* Debug */,
				F335C6C529DAA679006C13FA /* Release */,
			);
			defaultConfigurationIsVisible = 0;
			defaultConfigurationName = Release;
		};
		F335C6C629DAA679006C13FA /* Build configuration list for PBXNativeTarget "VibeWorldTests" */ = {
			isa = XCConfigurationList;
			buildConfigurations = (
				F335C6C729DAA679006C13FA /* Debug */,
				F335C6C829DAA679006C13FA /* Release */,
			);
			defaultConfigurationIsVisible = 0;
			defaultConfigurationName = Release;
		};
		F335C6C929DAA679006C13FA /* Build configuration list for PBXNativeTarget "VibeWorldUITests" */ = {
			isa = XCConfigurationList;
			buildConfigurations = (
				F335C6CA29DAA679006C13FA /* Debug */,
				F335C6CB29DAA679006C13FA /* Release */,
			);
			defaultConfigurationIsVisible = 0;
			defaultConfigurationName = Release;
		};
/* End XCConfigurationList section */
	};
	rootObject = F335C69129DAA677006C13FA /* Project object */;
}
